// !$*UTF8*$!
{
	archiveVersion = 1;
	classes = {
	};
	objectVersion = 50;
	objects = {

/* Begin PBXBuildFile section */
		CE169A1823EC3B6D0065A784 /* MapViewController.swift in Sources */ = {isa = PBXBuildFile; fileRef = CE169A1723EC3B6D0065A784 /* MapViewController.swift */; };
		CE169A1A23EC3B830065A784 /* LocationsViewController.swift in Sources */ = {isa = PBXBuildFile; fileRef = CE169A1923EC3B830065A784 /* LocationsViewController.swift */; };
		CE169A1C23EC3BAF0065A784 /* AddLocationViewController.swift in Sources */ = {isa = PBXBuildFile; fileRef = CE169A1B23EC3BAF0065A784 /* AddLocationViewController.swift */; };
		CED6813523EE375C006C93B2 /* Student.swift in Sources */ = {isa = PBXBuildFile; fileRef = CED6813423EE375C006C93B2 /* Student.swift */; };
		CED6813823EE3BC6006C93B2 /* StudentClient.swift in Sources */ = {isa = PBXBuildFile; fileRef = CED6813723EE3BC6006C93B2 /* StudentClient.swift */; };
		CED6813F23EE5A8C006C93B2 /* LoginViewController.swift in Sources */ = {isa = PBXBuildFile; fileRef = CED6813E23EE5A8C006C93B2 /* LoginViewController.swift */; };
		CED6815523EE70B4006C93B2 /* On_The_MapTests.swift in Sources */ = {isa = PBXBuildFile; fileRef = CED6815423EE70B4006C93B2 /* On_The_MapTests.swift */; };
		CED6816B23EE7CB1006C93B2 /* PostStudentBody.swift in Sources */ = {isa = PBXBuildFile; fileRef = CED6816A23EE7CB1006C93B2 /* PostStudentBody.swift */; };
		CED6816D23EE8D02006C93B2 /* StudentApiCaller.swift in Sources */ = {isa = PBXBuildFile; fileRef = CED6816C23EE8D02006C93B2 /* StudentApiCaller.swift */; };
		CED6816F23EE8FD2006C93B2 /* PostStudentResponse.swift in Sources */ = {isa = PBXBuildFile; fileRef = CED6816E23EE8FD2006C93B2 /* PostStudentResponse.swift */; };
		CED6817123EE9E25006C93B2 /* ErrorResonse.swift in Sources */ = {isa = PBXBuildFile; fileRef = CED6817023EE9E25006C93B2 /* ErrorResonse.swift */; };
		CED6817323EEAA2F006C93B2 /* ModifyStudentResponse.swift in Sources */ = {isa = PBXBuildFile; fileRef = CED6817223EEAA2F006C93B2 /* ModifyStudentResponse.swift */; };
		CED6817523EECB7F006C93B2 /* SessionFromUdacity.swift in Sources */ = {isa = PBXBuildFile; fileRef = CED6817423EECB7F006C93B2 /* SessionFromUdacity.swift */; };
		CED6817D23EECCB3006C93B2 /* StructsTests.swift in Sources */ = {isa = PBXBuildFile; fileRef = CED6817C23EECCB3006C93B2 /* StructsTests.swift */; };
		CED6818523EECFA3006C93B2 /* PostSessionFromUdacityBody.swift in Sources */ = {isa = PBXBuildFile; fileRef = CED6818423EECFA3006C93B2 /* PostSessionFromUdacityBody.swift */; };
		CEF37D4023EAEC44008CA8FE /* AppDelegate.swift in Sources */ = {isa = PBXBuildFile; fileRef = CEF37D3F23EAEC44008CA8FE /* AppDelegate.swift */; };
		CEF37D4223EAEC44008CA8FE /* SceneDelegate.swift in Sources */ = {isa = PBXBuildFile; fileRef = CEF37D4123EAEC44008CA8FE /* SceneDelegate.swift */; };
		CEF37D4723EAEC44008CA8FE /* Main.storyboard in Resources */ = {isa = PBXBuildFile; fileRef = CEF37D4523EAEC44008CA8FE /* Main.storyboard */; };
		CEF37D4923EAEC46008CA8FE /* Assets.xcassets in Resources */ = {isa = PBXBuildFile; fileRef = CEF37D4823EAEC46008CA8FE /* Assets.xcassets */; };
		CEF37D4C23EAEC46008CA8FE /* LaunchScreen.storyboard in Resources */ = {isa = PBXBuildFile; fileRef = CEF37D4A23EAEC46008CA8FE /* LaunchScreen.storyboard */; };
/* End PBXBuildFile section */

/* Begin PBXContainerItemProxy section */
		CED6815723EE70B4006C93B2 /* PBXContainerItemProxy */ = {
			isa = PBXContainerItemProxy;
			containerPortal = CEF37D3423EAEC44008CA8FE /* Project object */;
			proxyType = 1;
			remoteGlobalIDString = CEF37D3B23EAEC44008CA8FE;
			remoteInfo = "On The Map";
		};
		CED6817F23EECCB3006C93B2 /* PBXContainerItemProxy */ = {
			isa = PBXContainerItemProxy;
			containerPortal = CEF37D3423EAEC44008CA8FE /* Project object */;
			proxyType = 1;
			remoteGlobalIDString = CEF37D3B23EAEC44008CA8FE;
			remoteInfo = "On The Map";
		};
/* End PBXContainerItemProxy section */

/* Begin PBXFileReference section */
		CE169A1723EC3B6D0065A784 /* MapViewController.swift */ = {isa = PBXFileReference; lastKnownFileType = sourcecode.swift; path = MapViewController.swift; sourceTree = "<group>"; };
		CE169A1923EC3B830065A784 /* LocationsViewController.swift */ = {isa = PBXFileReference; lastKnownFileType = sourcecode.swift; path = LocationsViewController.swift; sourceTree = "<group>"; };
		CE169A1B23EC3BAF0065A784 /* AddLocationViewController.swift */ = {isa = PBXFileReference; lastKnownFileType = sourcecode.swift; path = AddLocationViewController.swift; sourceTree = "<group>"; };
		CED6813423EE375C006C93B2 /* Student.swift */ = {isa = PBXFileReference; lastKnownFileType = sourcecode.swift; path = Student.swift; sourceTree = "<group>"; };
		CED6813723EE3BC6006C93B2 /* StudentClient.swift */ = {isa = PBXFileReference; lastKnownFileType = sourcecode.swift; path = StudentClient.swift; sourceTree = "<group>"; };
		CED6813E23EE5A8C006C93B2 /* LoginViewController.swift */ = {isa = PBXFileReference; lastKnownFileType = sourcecode.swift; path = LoginViewController.swift; sourceTree = "<group>"; };
		CED6815223EE70B4006C93B2 /* On The MapTests.xctest */ = {isa = PBXFileReference; explicitFileType = wrapper.cfbundle; includeInIndex = 0; path = "On The MapTests.xctest"; sourceTree = BUILT_PRODUCTS_DIR; };
		CED6815423EE70B4006C93B2 /* On_The_MapTests.swift */ = {isa = PBXFileReference; lastKnownFileType = sourcecode.swift; path = On_The_MapTests.swift; sourceTree = "<group>"; };
		CED6815623EE70B4006C93B2 /* Info.plist */ = {isa = PBXFileReference; lastKnownFileType = text.plist.xml; path = Info.plist; sourceTree = "<group>"; };
		CED6816A23EE7CB1006C93B2 /* PostStudentBody.swift */ = {isa = PBXFileReference; lastKnownFileType = sourcecode.swift; path = PostStudentBody.swift; sourceTree = "<group>"; };
		CED6816C23EE8D02006C93B2 /* StudentApiCaller.swift */ = {isa = PBXFileReference; lastKnownFileType = sourcecode.swift; path = StudentApiCaller.swift; sourceTree = "<group>"; };
		CED6816E23EE8FD2006C93B2 /* PostStudentResponse.swift */ = {isa = PBXFileReference; lastKnownFileType = sourcecode.swift; path = PostStudentResponse.swift; sourceTree = "<group>"; };
		CED6817023EE9E25006C93B2 /* ErrorResonse.swift */ = {isa = PBXFileReference; lastKnownFileType = sourcecode.swift; path = ErrorResonse.swift; sourceTree = "<group>"; };
		CED6817223EEAA2F006C93B2 /* ModifyStudentResponse.swift */ = {isa = PBXFileReference; lastKnownFileType = sourcecode.swift; path = ModifyStudentResponse.swift; sourceTree = "<group>"; };
		CED6817423EECB7F006C93B2 /* SessionFromUdacity.swift */ = {isa = PBXFileReference; lastKnownFileType = sourcecode.swift; path = SessionFromUdacity.swift; sourceTree = "<group>"; };
		CED6817A23EECCB3006C93B2 /* StructsTests.xctest */ = {isa = PBXFileReference; explicitFileType = wrapper.cfbundle; includeInIndex = 0; path = StructsTests.xctest; sourceTree = BUILT_PRODUCTS_DIR; };
		CED6817C23EECCB3006C93B2 /* StructsTests.swift */ = {isa = PBXFileReference; lastKnownFileType = sourcecode.swift; path = StructsTests.swift; sourceTree = "<group>"; };
		CED6817E23EECCB3006C93B2 /* Info.plist */ = {isa = PBXFileReference; lastKnownFileType = text.plist.xml; path = Info.plist; sourceTree = "<group>"; };
		CED6818423EECFA3006C93B2 /* PostSessionFromUdacityBody.swift */ = {isa = PBXFileReference; lastKnownFileType = sourcecode.swift; path = PostSessionFromUdacityBody.swift; sourceTree = "<group>"; };
		CEF37D3C23EAEC44008CA8FE /* On The Map.app */ = {isa = PBXFileReference; explicitFileType = wrapper.application; includeInIndex = 0; path = "On The Map.app"; sourceTree = BUILT_PRODUCTS_DIR; };
		CEF37D3F23EAEC44008CA8FE /* AppDelegate.swift */ = {isa = PBXFileReference; lastKnownFileType = sourcecode.swift; path = AppDelegate.swift; sourceTree = "<group>"; };
		CEF37D4123EAEC44008CA8FE /* SceneDelegate.swift */ = {isa = PBXFileReference; lastKnownFileType = sourcecode.swift; path = SceneDelegate.swift; sourceTree = "<group>"; };
		CEF37D4623EAEC44008CA8FE /* Base */ = {isa = PBXFileReference; lastKnownFileType = file.storyboard; name = Base; path = Base.lproj/Main.storyboard; sourceTree = "<group>"; };
		CEF37D4823EAEC46008CA8FE /* Assets.xcassets */ = {isa = PBXFileReference; lastKnownFileType = folder.assetcatalog; path = Assets.xcassets; sourceTree = "<group>"; };
		CEF37D4B23EAEC46008CA8FE /* Base */ = {isa = PBXFileReference; lastKnownFileType = file.storyboard; name = Base; path = Base.lproj/LaunchScreen.storyboard; sourceTree = "<group>"; };
		CEF37D4D23EAEC46008CA8FE /* Info.plist */ = {isa = PBXFileReference; lastKnownFileType = text.plist.xml; path = Info.plist; sourceTree = "<group>"; };
/* End PBXFileReference section */

/* Begin PBXFrameworksBuildPhase section */
		CED6814F23EE70B4006C93B2 /* Frameworks */ = {
			isa = PBXFrameworksBuildPhase;
			buildActionMask = 2147483647;
			files = (
			);
			runOnlyForDeploymentPostprocessing = 0;
		};
		CED6817723EECCB3006C93B2 /* Frameworks */ = {
			isa = PBXFrameworksBuildPhase;
			buildActionMask = 2147483647;
			files = (
			);
			runOnlyForDeploymentPostprocessing = 0;
		};
		CEF37D3923EAEC44008CA8FE /* Frameworks */ = {
			isa = PBXFrameworksBuildPhase;
			buildActionMask = 2147483647;
			files = (
			);
			runOnlyForDeploymentPostprocessing = 0;
		};
/* End PBXFrameworksBuildPhase section */

/* Begin PBXGroup section */
		CE169A1423EC3AD80065A784 /* Model */ = {
			isa = PBXGroup;
			children = (
				CED6813A23EE4695006C93B2 /* Request Models */,
				CED6813923EE4687006C93B2 /* Response Models */,
				CED6813623EE3BA9006C93B2 /* Sudent Client */,
			);
			path = Model;
			sourceTree = "<group>";
		};
		CE169A1523EC3AE60065A784 /* View */ = {
			isa = PBXGroup;
			children = (
				CEF37D4523EAEC44008CA8FE /* Main.storyboard */,
				CEF37D4823EAEC46008CA8FE /* Assets.xcassets */,
				CEF37D4A23EAEC46008CA8FE /* LaunchScreen.storyboard */,
			);
			path = View;
			sourceTree = "<group>";
		};
		CE169A1623EC3AED0065A784 /* Controller */ = {
			isa = PBXGroup;
			children = (
				CEF37D3F23EAEC44008CA8FE /* AppDelegate.swift */,
				CEF37D4123EAEC44008CA8FE /* SceneDelegate.swift */,
				CE169A1723EC3B6D0065A784 /* MapViewController.swift */,
				CE169A1923EC3B830065A784 /* LocationsViewController.swift */,
				CE169A1B23EC3BAF0065A784 /* AddLocationViewController.swift */,
				CED6813E23EE5A8C006C93B2 /* LoginViewController.swift */,
			);
			path = Controller;
			sourceTree = "<group>";
		};
		CED6813623EE3BA9006C93B2 /* Sudent Client */ = {
			isa = PBXGroup;
			children = (
				CED6813723EE3BC6006C93B2 /* StudentClient.swift */,
				CED6816C23EE8D02006C93B2 /* StudentApiCaller.swift */,
			);
			path = "Sudent Client";
			sourceTree = "<group>";
		};
		CED6813923EE4687006C93B2 /* Response Models */ = {
			isa = PBXGroup;
			children = (
				CED6813423EE375C006C93B2 /* Student.swift */,
				CED6816E23EE8FD2006C93B2 /* PostStudentResponse.swift */,
				CED6817023EE9E25006C93B2 /* ErrorResonse.swift */,
				CED6817223EEAA2F006C93B2 /* ModifyStudentResponse.swift */,
				CED6817423EECB7F006C93B2 /* SessionFromUdacity.swift */,
			);
			path = "Response Models";
			sourceTree = "<group>";
		};
		CED6813A23EE4695006C93B2 /* Request Models */ = {
			isa = PBXGroup;
			children = (
				CED6816A23EE7CB1006C93B2 /* PostStudentBody.swift */,
				CED6818423EECFA3006C93B2 /* PostSessionFromUdacityBody.swift */,
			);
			path = "Request Models";
			sourceTree = "<group>";
		};
		CED6813B23EE559A006C93B2 /* Tests */ = {
			isa = PBXGroup;
			children = (
			);
			path = Tests;
			sourceTree = "<group>";
		};
		CED6815323EE70B4006C93B2 /* On The MapTests */ = {
			isa = PBXGroup;
			children = (
				CED6815423EE70B4006C93B2 /* On_The_MapTests.swift */,
				CED6815623EE70B4006C93B2 /* Info.plist */,
			);
			path = "On The MapTests";
			sourceTree = "<group>";
		};
		CED6817B23EECCB3006C93B2 /* StructsTests */ = {
			isa = PBXGroup;
			children = (
				CED6817C23EECCB3006C93B2 /* StructsTests.swift */,
				CED6817E23EECCB3006C93B2 /* Info.plist */,
			);
			path = StructsTests;
			sourceTree = "<group>";
		};
		CEF37D3323EAEC44008CA8FE = {
			isa = PBXGroup;
			children = (
				CEF37D3E23EAEC44008CA8FE /* On The Map */,
				CED6815323EE70B4006C93B2 /* On The MapTests */,
				CED6817B23EECCB3006C93B2 /* StructsTests */,
				CEF37D3D23EAEC44008CA8FE /* Products */,
			);
			sourceTree = "<group>";
		};
		CEF37D3D23EAEC44008CA8FE /* Products */ = {
			isa = PBXGroup;
			children = (
				CEF37D3C23EAEC44008CA8FE /* On The Map.app */,
				CED6815223EE70B4006C93B2 /* On The MapTests.xctest */,
				CED6817A23EECCB3006C93B2 /* StructsTests.xctest */,
			);
			name = Products;
			sourceTree = "<group>";
		};
		CEF37D3E23EAEC44008CA8FE /* On The Map */ = {
			isa = PBXGroup;
			children = (
				CED6813B23EE559A006C93B2 /* Tests */,
				CE169A1623EC3AED0065A784 /* Controller */,
				CE169A1523EC3AE60065A784 /* View */,
				CE169A1423EC3AD80065A784 /* Model */,
				CEF37D4D23EAEC46008CA8FE /* Info.plist */,
			);
			path = "On The Map";
			sourceTree = "<group>";
		};
/* End PBXGroup section */

/* Begin PBXNativeTarget section */
		CED6815123EE70B4006C93B2 /* On The MapTests */ = {
			isa = PBXNativeTarget;
			buildConfigurationList = CED6815923EE70B4006C93B2 /* Build configuration list for PBXNativeTarget "On The MapTests" */;
			buildPhases = (
				CED6814E23EE70B4006C93B2 /* Sources */,
				CED6814F23EE70B4006C93B2 /* Frameworks */,
				CED6815023EE70B4006C93B2 /* Resources */,
			);
			buildRules = (
			);
			dependencies = (
				CED6815823EE70B4006C93B2 /* PBXTargetDependency */,
			);
			name = "On The MapTests";
			productName = "On The MapTests";
			productReference = CED6815223EE70B4006C93B2 /* On The MapTests.xctest */;
			productType = "com.apple.product-type.bundle.unit-test";
		};
		CED6817923EECCB3006C93B2 /* StructsTests */ = {
			isa = PBXNativeTarget;
			buildConfigurationList = CED6818123EECCB3006C93B2 /* Build configuration list for PBXNativeTarget "StructsTests" */;
			buildPhases = (
				CED6817623EECCB3006C93B2 /* Sources */,
				CED6817723EECCB3006C93B2 /* Frameworks */,
				CED6817823EECCB3006C93B2 /* Resources */,
			);
			buildRules = (
			);
			dependencies = (
				CED6818023EECCB3006C93B2 /* PBXTargetDependency */,
			);
			name = StructsTests;
			productName = StructsTests;
			productReference = CED6817A23EECCB3006C93B2 /* StructsTests.xctest */;
			productType = "com.apple.product-type.bundle.unit-test";
		};
		CEF37D3B23EAEC44008CA8FE /* On The Map */ = {
			isa = PBXNativeTarget;
			buildConfigurationList = CEF37D5023EAEC46008CA8FE /* Build configuration list for PBXNativeTarget "On The Map" */;
			buildPhases = (
				CEF37D3823EAEC44008CA8FE /* Sources */,
				CEF37D3923EAEC44008CA8FE /* Frameworks */,
				CEF37D3A23EAEC44008CA8FE /* Resources */,
			);
			buildRules = (
			);
			dependencies = (
			);
			name = "On The Map";
			productName = "On The Map";
			productReference = CEF37D3C23EAEC44008CA8FE /* On The Map.app */;
			productType = "com.apple.product-type.application";
		};
/* End PBXNativeTarget section */

/* Begin PBXProject section */
		CEF37D3423EAEC44008CA8FE /* Project object */ = {
			isa = PBXProject;
			attributes = {
				LastSwiftUpdateCheck = 1130;
				LastUpgradeCheck = 1130;
				ORGANIZATIONNAME = Andalus;
				TargetAttributes = {
					CED6815123EE70B4006C93B2 = {
						CreatedOnToolsVersion = 11.3;
						TestTargetID = CEF37D3B23EAEC44008CA8FE;
					};
					CED6817923EECCB3006C93B2 = {
						CreatedOnToolsVersion = 11.3;
						TestTargetID = CEF37D3B23EAEC44008CA8FE;
					};
					CEF37D3B23EAEC44008CA8FE = {
						CreatedOnToolsVersion = 11.3;
					};
				};
			};
			buildConfigurationList = CEF37D3723EAEC44008CA8FE /* Build configuration list for PBXProject "On The Map" */;
			compatibilityVersion = "Xcode 9.3";
			developmentRegion = en;
			hasScannedForEncodings = 0;
			knownRegions = (
				en,
				Base,
			);
			mainGroup = CEF37D3323EAEC44008CA8FE;
			productRefGroup = CEF37D3D23EAEC44008CA8FE /* Products */;
			projectDirPath = "";
			projectRoot = "";
			targets = (
				CEF37D3B23EAEC44008CA8FE /* On The Map */,
				CED6815123EE70B4006C93B2 /* On The MapTests */,
				CED6817923EECCB3006C93B2 /* StructsTests */,
			);
		};
/* End PBXProject section */

/* Begin PBXResourcesBuildPhase section */
		CED6815023EE70B4006C93B2 /* Resources */ = {
			isa = PBXResourcesBuildPhase;
			buildActionMask = 2147483647;
			files = (
			);
			runOnlyForDeploymentPostprocessing = 0;
		};
		CED6817823EECCB3006C93B2 /* Resources */ = {
			isa = PBXResourcesBuildPhase;
			buildActionMask = 2147483647;
			files = (
			);
			runOnlyForDeploymentPostprocessing = 0;
		};
		CEF37D3A23EAEC44008CA8FE /* Resources */ = {
			isa = PBXResourcesBuildPhase;
			buildActionMask = 2147483647;
			files = (
				CEF37D4C23EAEC46008CA8FE /* LaunchScreen.storyboard in Resources */,
				CEF37D4923EAEC46008CA8FE /* Assets.xcassets in Resources */,
				CEF37D4723EAEC44008CA8FE /* Main.storyboard in Resources */,
			);
			runOnlyForDeploymentPostprocessing = 0;
		};
/* End PBXResourcesBuildPhase section */

/* Begin PBXSourcesBuildPhase section */
		CED6814E23EE70B4006C93B2 /* Sources */ = {
			isa = PBXSourcesBuildPhase;
			buildActionMask = 2147483647;
			files = (
				CED6815523EE70B4006C93B2 /* On_The_MapTests.swift in Sources */,
			);
			runOnlyForDeploymentPostprocessing = 0;
		};
		CED6817623EECCB3006C93B2 /* Sources */ = {
			isa = PBXSourcesBuildPhase;
			buildActionMask = 2147483647;
			files = (
				CED6817D23EECCB3006C93B2 /* StructsTests.swift in Sources */,
			);
			runOnlyForDeploymentPostprocessing = 0;
		};
		CEF37D3823EAEC44008CA8FE /* Sources */ = {
			isa = PBXSourcesBuildPhase;
			buildActionMask = 2147483647;
			files = (
				CED6817523EECB7F006C93B2 /* SessionFromUdacity.swift in Sources */,
				CED6813F23EE5A8C006C93B2 /* LoginViewController.swift in Sources */,
				CEF37D4023EAEC44008CA8FE /* AppDelegate.swift in Sources */,
				CED6817123EE9E25006C93B2 /* ErrorResonse.swift in Sources */,
				CED6813523EE375C006C93B2 /* Student.swift in Sources */,
				CED6816F23EE8FD2006C93B2 /* PostStudentResponse.swift in Sources */,
				CED6816B23EE7CB1006C93B2 /* PostStudentBody.swift in Sources */,
				CED6813823EE3BC6006C93B2 /* StudentClient.swift in Sources */,
				CED6816D23EE8D02006C93B2 /* StudentApiCaller.swift in Sources */,
				CED6818523EECFA3006C93B2 /* PostSessionFromUdacityBody.swift in Sources */,
				CED6817323EEAA2F006C93B2 /* ModifyStudentResponse.swift in Sources */,
				CE169A1823EC3B6D0065A784 /* MapViewController.swift in Sources */,
				CE169A1C23EC3BAF0065A784 /* AddLocationViewController.swift in Sources */,
				CEF37D4223EAEC44008CA8FE /* SceneDelegate.swift in Sources */,
				CE169A1A23EC3B830065A784 /* LocationsViewController.swift in Sources */,
			);
			runOnlyForDeploymentPostprocessing = 0;
		};
/* End PBXSourcesBuildPhase section */

/* Begin PBXTargetDependency section */
		CED6815823EE70B4006C93B2 /* PBXTargetDependency */ = {
			isa = PBXTargetDependency;
			target = CEF37D3B23EAEC44008CA8FE /* On The Map */;
			targetProxy = CED6815723EE70B4006C93B2 /* PBXContainerItemProxy */;
		};
		CED6818023EECCB3006C93B2 /* PBXTargetDependency */ = {
			isa = PBXTargetDependency;
			target = CEF37D3B23EAEC44008CA8FE /* On The Map */;
			targetProxy = CED6817F23EECCB3006C93B2 /* PBXContainerItemProxy */;
		};
/* End PBXTargetDependency section */

/* Begin PBXVariantGroup section */
		CEF37D4523EAEC44008CA8FE /* Main.storyboard */ = {
			isa = PBXVariantGroup;
			children = (
				CEF37D4623EAEC44008CA8FE /* Base */,
			);
			name = Main.storyboard;
			sourceTree = "<group>";
		};
		CEF37D4A23EAEC46008CA8FE /* LaunchScreen.storyboard */ = {
			isa = PBXVariantGroup;
			children = (
				CEF37D4B23EAEC46008CA8FE /* Base */,
			);
			name = LaunchScreen.storyboard;
			sourceTree = "<group>";
		};
/* End PBXVariantGroup section */

/* Begin XCBuildConfiguration section */
		CED6815A23EE70B4006C93B2 /* Debug */ = {
			isa = XCBuildConfiguration;
			buildSettings = {
				BUNDLE_LOADER = "$(TEST_HOST)";
				CODE_SIGN_STYLE = Automatic;
				INFOPLIST_FILE = "On The MapTests/Info.plist";
				LD_RUNPATH_SEARCH_PATHS = (
					"$(inherited)",
					"@executable_path/Frameworks",
					"@loader_path/Frameworks",
				);
				PRODUCT_BUNDLE_IDENTIFIER = "com.andalus.On-The-MapTests";
				PRODUCT_NAME = "$(TARGET_NAME)";
				SWIFT_VERSION = 5.0;
				TARGETED_DEVICE_FAMILY = "1,2";
				TEST_HOST = "$(BUILT_PRODUCTS_DIR)/On The Map.app/On The Map";
			};
			name = Debug;
		};
		CED6815B23EE70B4006C93B2 /* Release */ = {
			isa = XCBuildConfiguration;
			buildSettings = {
				BUNDLE_LOADER = "$(TEST_HOST)";
				CODE_SIGN_STYLE = Automatic;
				INFOPLIST_FILE = "On The MapTests/Info.plist";
				LD_RUNPATH_SEARCH_PATHS = (
					"$(inherited)",
					"@executable_path/Frameworks",
					"@loader_path/Frameworks",
				);
				PRODUCT_BUNDLE_IDENTIFIER = "com.andalus.On-The-MapTests";
				PRODUCT_NAME = "$(TARGET_NAME)";
				SWIFT_VERSION = 5.0;
				TARGETED_DEVICE_FAMILY = "1,2";
				TEST_HOST = "$(BUILT_PRODUCTS_DIR)/On The Map.app/On The Map";
			};
			name = Release;
		};
		CED6818223EECCB3006C93B2 /* Debug */ = {
			isa = XCBuildConfiguration;
			buildSettings = {
				BUNDLE_LOADER = "$(TEST_HOST)";
				CODE_SIGN_STYLE = Automatic;
				INFOPLIST_FILE = StructsTests/Info.plist;
				LD_RUNPATH_SEARCH_PATHS = (
					"$(inherited)",
					"@executable_path/Frameworks",
					"@loader_path/Frameworks",
				);
				PRODUCT_BUNDLE_IDENTIFIER = com.andalus.StructsTests;
				PRODUCT_NAME = "$(TARGET_NAME)";
				SWIFT_VERSION = 5.0;
				TARGETED_DEVICE_FAMILY = "1,2";
				TEST_HOST = "$(BUILT_PRODUCTS_DIR)/On The Map.app/On The Map";
			};
			name = Debug;
		};
		CED6818323EECCB3006C93B2 /* Release */ = {
			isa = XCBuildConfiguration;
			buildSettings = {
				BUNDLE_LOADER = "$(TEST_HOST)";
				CODE_SIGN_STYLE = Automatic;
				INFOPLIST_FILE = StructsTests/Info.plist;
				LD_RUNPATH_SEARCH_PATHS = (
					"$(inherited)",
					"@executable_path/Frameworks",
					"@loader_path/Frameworks",
				);
				PRODUCT_BUNDLE_IDENTIFIER = com.andalus.StructsTests;
				PRODUCT_NAME = "$(TARGET_NAME)";
				SWIFT_VERSION = 5.0;
				TARGETED_DEVICE_FAMILY = "1,2";
				TEST_HOST = "$(BUILT_PRODUCTS_DIR)/On The Map.app/On The Map";
			};
			name = Release;
		};
		CEF37D4E23EAEC46008CA8FE /* Debug */ = {
			isa = XCBuildConfiguration;
			buildSettings = {
				ALWAYS_SEARCH_USER_PATHS = NO;
				CLANG_ANALYZER_NONNULL = YES;
				CLANG_ANALYZER_NUMBER_OBJECT_CONVERSION = YES_AGGRESSIVE;
				CLANG_CXX_LANGUAGE_STANDARD = "gnu++14";
				CLANG_CXX_LIBRARY = "libc++";
				CLANG_ENABLE_MODULES = YES;
				CLANG_ENABLE_OBJC_ARC = YES;
				CLANG_ENABLE_OBJC_WEAK = YES;
				CLANG_WARN_BLOCK_CAPTURE_AUTORELEASING = YES;
				CLANG_WARN_BOOL_CONVERSION = YES;
				CLANG_WARN_COMMA = YES;
				CLANG_WARN_CONSTANT_CONVERSION = YES;
				CLANG_WARN_DEPRECATED_OBJC_IMPLEMENTATIONS = YES;
				CLANG_WARN_DIRECT_OBJC_ISA_USAGE = YES_ERROR;
				CLANG_WARN_DOCUMENTATION_COMMENTS = YES;
				CLANG_WARN_EMPTY_BODY = YES;
				CLANG_WARN_ENUM_CONVERSION = YES;
				CLANG_WARN_INFINITE_RECURSION = YES;
				CLANG_WARN_INT_CONVERSION = YES;
				CLANG_WARN_NON_LITERAL_NULL_CONVERSION = YES;
				CLANG_WARN_OBJC_IMPLICIT_RETAIN_SELF = YES;
				CLANG_WARN_OBJC_LITERAL_CONVERSION = YES;
				CLANG_WARN_OBJC_ROOT_CLASS = YES_ERROR;
				CLANG_WARN_RANGE_LOOP_ANALYSIS = YES;
				CLANG_WARN_STRICT_PROTOTYPES = YES;
				CLANG_WARN_SUSPICIOUS_MOVE = YES;
				CLANG_WARN_UNGUARDED_AVAILABILITY = YES_AGGRESSIVE;
				CLANG_WARN_UNREACHABLE_CODE = YES;
				CLANG_WARN__DUPLICATE_METHOD_MATCH = YES;
				COPY_PHASE_STRIP = NO;
				DEBUG_INFORMATION_FORMAT = dwarf;
				ENABLE_STRICT_OBJC_MSGSEND = YES;
				ENABLE_TESTABILITY = YES;
				GCC_C_LANGUAGE_STANDARD = gnu11;
				GCC_DYNAMIC_NO_PIC = NO;
				GCC_NO_COMMON_BLOCKS = YES;
				GCC_OPTIMIZATION_LEVEL = 0;
				GCC_PREPROCESSOR_DEFINITIONS = (
					"DEBUG=1",
					"$(inherited)",
				);
				GCC_WARN_64_TO_32_BIT_CONVERSION = YES;
				GCC_WARN_ABOUT_RETURN_TYPE = YES_ERROR;
				GCC_WARN_UNDECLARED_SELECTOR = YES;
				GCC_WARN_UNINITIALIZED_AUTOS = YES_AGGRESSIVE;
				GCC_WARN_UNUSED_FUNCTION = YES;
				GCC_WARN_UNUSED_VARIABLE = YES;
				IPHONEOS_DEPLOYMENT_TARGET = 13.2;
				MTL_ENABLE_DEBUG_INFO = INCLUDE_SOURCE;
				MTL_FAST_MATH = YES;
				ONLY_ACTIVE_ARCH = YES;
				SDKROOT = iphoneos;
				SWIFT_ACTIVE_COMPILATION_CONDITIONS = DEBUG;
				SWIFT_OPTIMIZATION_LEVEL = "-Onone";
			};
			name = Debug;
		};
		CEF37D4F23EAEC46008CA8FE /* Release */ = {
			isa = XCBuildConfiguration;
			buildSettings = {
				ALWAYS_SEARCH_USER_PATHS = NO;
				CLANG_ANALYZER_NONNULL = YES;
				CLANG_ANALYZER_NUMBER_OBJECT_CONVERSION = YES_AGGRESSIVE;
				CLANG_CXX_LANGUAGE_STANDARD = "gnu++14";
				CLANG_CXX_LIBRARY = "libc++";
				CLANG_ENABLE_MODULES = YES;
				CLANG_ENABLE_OBJC_ARC = YES;
				CLANG_ENABLE_OBJC_WEAK = YES;
				CLANG_WARN_BLOCK_CAPTURE_AUTORELEASING = YES;
				CLANG_WARN_BOOL_CONVERSION = YES;
				CLANG_WARN_COMMA = YES;
				CLANG_WARN_CONSTANT_CONVERSION = YES;
				CLANG_WARN_DEPRECATED_OBJC_IMPLEMENTATIONS = YES;
				CLANG_WARN_DIRECT_OBJC_ISA_USAGE = YES_ERROR;
				CLANG_WARN_DOCUMENTATION_COMMENTS = YES;
				CLANG_WARN_EMPTY_BODY = YES;
				CLANG_WARN_ENUM_CONVERSION = YES;
				CLANG_WARN_INFINITE_RECURSION = YES;
				CLANG_WARN_INT_CONVERSION = YES;
				CLANG_WARN_NON_LITERAL_NULL_CONVERSION = YES;
				CLANG_WARN_OBJC_IMPLICIT_RETAIN_SELF = YES;
				CLANG_WARN_OBJC_LITERAL_CONVERSION = YES;
				CLANG_WARN_OBJC_ROOT_CLASS = YES_ERROR;
				CLANG_WARN_RANGE_LOOP_ANALYSIS = YES;
				CLANG_WARN_STRICT_PROTOTYPES = YES;
				CLANG_WARN_SUSPICIOUS_MOVE = YES;
				CLANG_WARN_UNGUARDED_AVAILABILITY = YES_AGGRESSIVE;
				CLANG_WARN_UNREACHABLE_CODE = YES;
				CLANG_WARN__DUPLICATE_METHOD_MATCH = YES;
				COPY_PHASE_STRIP = NO;
				DEBUG_INFORMATION_FORMAT = "dwarf-with-dsym";
				ENABLE_NS_ASSERTIONS = NO;
				ENABLE_STRICT_OBJC_MSGSEND = YES;
				GCC_C_LANGUAGE_STANDARD = gnu11;
				GCC_NO_COMMON_BLOCKS = YES;
				GCC_WARN_64_TO_32_BIT_CONVERSION = YES;
				GCC_WARN_ABOUT_RETURN_TYPE = YES_ERROR;
				GCC_WARN_UNDECLARED_SELECTOR = YES;
				GCC_WARN_UNINITIALIZED_AUTOS = YES_AGGRESSIVE;
				GCC_WARN_UNUSED_FUNCTION = YES;
				GCC_WARN_UNUSED_VARIABLE = YES;
				IPHONEOS_DEPLOYMENT_TARGET = 13.2;
				MTL_ENABLE_DEBUG_INFO = NO;
				MTL_FAST_MATH = YES;
				SDKROOT = iphoneos;
				SWIFT_COMPILATION_MODE = wholemodule;
				SWIFT_OPTIMIZATION_LEVEL = "-O";
				VALIDATE_PRODUCT = YES;
			};
			name = Release;
		};
		CEF37D5123EAEC46008CA8FE /* Debug */ = {
			isa = XCBuildConfiguration;
			buildSettings = {
				ASSETCATALOG_COMPILER_APPICON_NAME = AppIcon;
				CODE_SIGN_STYLE = Automatic;
				INFOPLIST_FILE = "On The Map/Info.plist";
				LD_RUNPATH_SEARCH_PATHS = (
					"$(inherited)",
					"@executable_path/Frameworks",
				);
				PRODUCT_BUNDLE_IDENTIFIER = "com.andalus.On-The-Map";
				PRODUCT_NAME = "$(TARGET_NAME)";
				SWIFT_VERSION = 5.0;
				TARGETED_DEVICE_FAMILY = "1,2";
			};
			name = Debug;
		};
		CEF37D5223EAEC46008CA8FE /* Release */ = {
			isa = XCBuildConfiguration;
			buildSettings = {
				ASSETCATALOG_COMPILER_APPICON_NAME = AppIcon;
				CODE_SIGN_STYLE = Automatic;
				INFOPLIST_FILE = "On The Map/Info.plist";
				LD_RUNPATH_SEARCH_PATHS = (
					"$(inherited)",
					"@executable_path/Frameworks",
				);
				PRODUCT_BUNDLE_IDENTIFIER = "com.andalus.On-The-Map";
				PRODUCT_NAME = "$(TARGET_NAME)";
				SWIFT_VERSION = 5.0;
				TARGETED_DEVICE_FAMILY = "1,2";
			};
			name = Release;
		};
/* End XCBuildConfiguration section */

/* Begin XCConfigurationList section */
		CED6815923EE70B4006C93B2 /* Build configuration list for PBXNativeTarget "On The MapTests" */ = {
			isa = XCConfigurationList;
			buildConfigurations = (
				CED6815A23EE70B4006C93B2 /* Debug */,
				CED6815B23EE70B4006C93B2 /* Release */,
			);
			defaultConfigurationIsVisible = 0;
			defaultConfigurationName = Release;
		};
		CED6818123EECCB3006C93B2 /* Build configuration list for PBXNativeTarget "StructsTests" */ = {
			isa = XCConfigurationList;
			buildConfigurations = (
				CED6818223EECCB3006C93B2 /* Debug */,
				CED6818323EECCB3006C93B2 /* Release */,
			);
			defaultConfigurationIsVisible = 0;
			defaultConfigurationName = Release;
		};
		CEF37D3723EAEC44008CA8FE /* Build configuration list for PBXProject "On The Map" */ = {
			isa = XCConfigurationList;
			buildConfigurations = (
				CEF37D4E23EAEC46008CA8FE /* Debug */,
				CEF37D4F23EAEC46008CA8FE /* Release */,
			);
			defaultConfigurationIsVisible = 0;
			defaultConfigurationName = Release;
		};
		CEF37D5023EAEC46008CA8FE /* Build configuration list for PBXNativeTarget "On The Map" */ = {
			isa = XCConfigurationList;
			buildConfigurations = (
				CEF37D5123EAEC46008CA8FE /* Debug */,
				CEF37D5223EAEC46008CA8FE /* Release */,
			);
			defaultConfigurationIsVisible = 0;
			defaultConfigurationName = Release;
		};
/* End XCConfigurationList section */
	};
	rootObject = CEF37D3423EAEC44008CA8FE /* Project object */;
}
